{
  "nodes": {
    "fbx2gltf": {
      "inputs": {
        "nixpkgs": "nixpkgs",
        "utils": "utils"
      },
      "locked": {
        "lastModified": 1719053927,
        "narHash": "sha256-LTGC9/0Ikwe9RYGwQswkEVlL18DIIE3rlCcu3Uhsg7M=",
        "owner": "pillowtrucker",
        "repo": "FBX2GLTF",
        "rev": "b5734d3c86eefab7d56b1623c9f04c70901f8259",
        "type": "github"
      },
      "original": {
        "owner": "pillowtrucker",
        "ref": "mine",
        "repo": "FBX2GLTF",
        "type": "github"
      }
    },
    "godot-mine": {
      "inputs": {
        "fbx2gltf": "fbx2gltf",
        "nixpkgs": "nixpkgs_2",
        "utils": "utils_2"
      },
      "locked": {
        "lastModified": 1719057760,
        "narHash": "sha256-A6MmS3CuBRhr8vWw/qt5uNGJCNFBDvebZ62LW7MdB+w=",
        "owner": "wonky-honky",
        "repo": "godot-slimflake",
        "rev": "38bd3861166de995b9a49689fcc15a69f76e69a0",
        "type": "github"
      },
      "original": {
        "owner": "wonky-honky",
        "ref": "master",
        "repo": "godot-slimflake",
        "type": "github"
      }
    },
    "nixpkgs": {
      "locked": {
        "lastModified": 1718977959,
        "narHash": "sha256-l7fhzZvlvaCsKzI8K6gRMIeVUUL2xGs1WE8BwSBtefI=",
        "owner": "NixOS",
        "repo": "nixpkgs",
        "rev": "e739feeb6ef1e3fbcf32f2d470441a3a1049e79b",
        "type": "github"
      },
      "original": {
        "owner": "NixOS",
        "ref": "master",
        "repo": "nixpkgs",
        "type": "github"
      }
    },
    "nixpkgs_2": {
      "locked": {
        "lastModified": 1718977959,
        "narHash": "sha256-l7fhzZvlvaCsKzI8K6gRMIeVUUL2xGs1WE8BwSBtefI=",
        "owner": "NixOS",
        "repo": "nixpkgs",
        "rev": "e739feeb6ef1e3fbcf32f2d470441a3a1049e79b",
        "type": "github"
      },
      "original": {
        "owner": "NixOS",
        "ref": "master",
        "repo": "nixpkgs",
        "type": "github"
      }
    },
    "nixpkgs_3": {
      "locked": {
        "lastModified": 1718977959,
        "narHash": "sha256-l7fhzZvlvaCsKzI8K6gRMIeVUUL2xGs1WE8BwSBtefI=",
        "owner": "NixOS",
        "repo": "nixpkgs",
        "rev": "e739feeb6ef1e3fbcf32f2d470441a3a1049e79b",
        "type": "github"
      },
      "original": {
        "owner": "NixOS",
        "ref": "master",
        "repo": "nixpkgs",
        "type": "github"
      }
    },
    "root": {
      "inputs": {
        "godot-mine": "godot-mine",
        "nixpkgs": "nixpkgs_3",
        "utils": "utils_3"
      }
    },
    "systems": {
      "locked": {
        "lastModified": 1681028828,
        "narHash": "sha256-Vy1rq5AaRuLzOxct8nz4T6wlgyUR7zLU309k9mBC768=",
        "owner": "nix-systems",
        "repo": "default",
        "rev": "da67096a3b9bf56a91d16901293e51ba5b49a27e",
        "type": "github"
      },
      "original": {
        "owner": "nix-systems",
        "repo": "default",
        "type": "github"
      }
    },
    "systems_2": {
      "locked": {
        "lastModified": 1681028828,
        "narHash": "sha256-Vy1rq5AaRuLzOxct8nz4T6wlgyUR7zLU309k9mBC768=",
        "owner": "nix-systems",
        "repo": "default",
        "rev": "da67096a3b9bf56a91d16901293e51ba5b49a27e",
        "type": "github"
      },
      "original": {
        "owner": "nix-systems",
        "repo": "default",
        "type": "github"
      }
    },
    "systems_3": {
      "locked": {
        "lastModified": 1681028828,
        "narHash": "sha256-Vy1rq5AaRuLzOxct8nz4T6wlgyUR7zLU309k9mBC768=",
        "owner": "nix-systems",
        "repo": "default",
        "rev": "da67096a3b9bf56a91d16901293e51ba5b49a27e",
        "type": "github"
      },
      "original": {
        "owner": "nix-systems",
        "repo": "default",
        "type": "github"
      }
    },
    "utils": {
      "inputs": {
        "systems": "systems"
      },
      "locked": {
        "lastModified": 1710146030,
        "narHash": "sha256-SZ5L6eA7HJ/nmkzGG7/ISclqe6oZdOZTNoesiInkXPQ=",
        "owner": "numtide",
        "repo": "flake-utils",
        "rev": "b1d9ab70662946ef0850d488da1c9019f3a9752a",
        "type": "github"
      },
      "original": {
        "owner": "numtide",
        "repo": "flake-utils",
        "type": "github"
      }
    },
    "utils_2": {
      "inputs": {
        "systems": "systems_2"
      },
      "locked": {
        "lastModified": 1710146030,
        "narHash": "sha256-SZ5L6eA7HJ/nmkzGG7/ISclqe6oZdOZTNoesiInkXPQ=",
        "owner": "numtide",
        "repo": "flake-utils",
        "rev": "b1d9ab70662946ef0850d488da1c9019f3a9752a",
        "type": "github"
      },
      "original": {
        "owner": "numtide",
        "repo": "flake-utils",
        "type": "github"
      }
    },
    "utils_3": {
      "inputs": {
        "systems": "systems_3"
      },
      "locked": {
        "lastModified": 1710146030,
        "narHash": "sha256-SZ5L6eA7HJ/nmkzGG7/ISclqe6oZdOZTNoesiInkXPQ=",
        "owner": "numtide",
        "repo": "flake-utils",
        "rev": "b1d9ab70662946ef0850d488da1c9019f3a9752a",
        "type": "github"
      },
      "original": {
        "owner": "numtide",
        "repo": "flake-utils",
        "type": "github"
      }
    }
  },
  "root": "root",
  "version": 7
}
