{
  "nodes": {
    "fbx2gltf": {
      "inputs": {
        "nixpkgs": "nixpkgs",
        "utils": "utils"
      },
      "locked": {
        "lastModified": 1715245130,
        "narHash": "sha256-1zZXFpQobCfJ+8fqoX6qkmnBe9e0E1bN64zojW63wmM=",
        "owner": "pillowtrucker",
        "repo": "FBX2GLTF",
        "rev": "a59c531a20816095fda1b216ada71b11d484107f",
        "type": "github"
      },
      "original": {
        "owner": "pillowtrucker",
        "ref": "mine",
        "repo": "FBX2GLTF",
        "type": "github"
      }
    },
    "godot-mine": {
      "inputs": {
        "fbx2gltf": "fbx2gltf",
        "nixpkgs": "nixpkgs_2",
        "utils": "utils_2"
      },
      "locked": {
        "lastModified": 1715248000,
        "narHash": "sha256-UbmdQvNheJ9jutIsJ/WJ9Wfn5Sq5o0qBRcTUWxlkpWs=",
        "owner": "wonky-honky",
        "repo": "godot-slimflake",
        "rev": "0ab4a9e39c17b12b216932e402e716b36b29c52b",
        "type": "github"
      },
      "original": {
        "owner": "wonky-honky",
        "ref": "master",
        "repo": "godot-slimflake",
        "type": "github"
      }
    },
    "nixpkgs": {
      "locked": {
        "lastModified": 1715014515,
        "narHash": "sha256-9xzgW0gz9Qk99q6kwJ3H/ktltMeSkE3mCKuXvu7/ONY=",
        "owner": "NixOS",
        "repo": "nixpkgs",
        "rev": "fea02c5bb5aeeb59c1c04956ab8692f83715d7aa",
        "type": "github"
      },
      "original": {
        "owner": "NixOS",
        "ref": "master",
        "repo": "nixpkgs",
        "type": "github"
      }
    },
    "nixpkgs_2": {
      "locked": {
        "lastModified": 1715014515,
        "narHash": "sha256-9xzgW0gz9Qk99q6kwJ3H/ktltMeSkE3mCKuXvu7/ONY=",
        "owner": "NixOS",
        "repo": "nixpkgs",
        "rev": "fea02c5bb5aeeb59c1c04956ab8692f83715d7aa",
        "type": "github"
      },
      "original": {
        "owner": "NixOS",
        "ref": "master",
        "repo": "nixpkgs",
        "type": "github"
      }
    },
    "nixpkgs_3": {
      "locked": {
        "lastModified": 1715014515,
        "narHash": "sha256-9xzgW0gz9Qk99q6kwJ3H/ktltMeSkE3mCKuXvu7/ONY=",
        "owner": "NixOS",
        "repo": "nixpkgs",
        "rev": "fea02c5bb5aeeb59c1c04956ab8692f83715d7aa",
        "type": "github"
      },
      "original": {
        "owner": "NixOS",
        "ref": "master",
        "repo": "nixpkgs",
        "type": "github"
      }
    },
    "root": {
      "inputs": {
        "godot-mine": "godot-mine",
        "nixpkgs": "nixpkgs_3",
        "utils": "utils_3"
      }
    },
    "systems": {
      "locked": {
        "lastModified": 1681028828,
        "narHash": "sha256-Vy1rq5AaRuLzOxct8nz4T6wlgyUR7zLU309k9mBC768=",
        "owner": "nix-systems",
        "repo": "default",
        "rev": "da67096a3b9bf56a91d16901293e51ba5b49a27e",
        "type": "github"
      },
      "original": {
        "owner": "nix-systems",
        "repo": "default",
        "type": "github"
      }
    },
    "systems_2": {
      "locked": {
        "lastModified": 1681028828,
        "narHash": "sha256-Vy1rq5AaRuLzOxct8nz4T6wlgyUR7zLU309k9mBC768=",
        "owner": "nix-systems",
        "repo": "default",
        "rev": "da67096a3b9bf56a91d16901293e51ba5b49a27e",
        "type": "github"
      },
      "original": {
        "owner": "nix-systems",
        "repo": "default",
        "type": "github"
      }
    },
    "systems_3": {
      "locked": {
        "lastModified": 1681028828,
        "narHash": "sha256-Vy1rq5AaRuLzOxct8nz4T6wlgyUR7zLU309k9mBC768=",
        "owner": "nix-systems",
        "repo": "default",
        "rev": "da67096a3b9bf56a91d16901293e51ba5b49a27e",
        "type": "github"
      },
      "original": {
        "owner": "nix-systems",
        "repo": "default",
        "type": "github"
      }
    },
    "utils": {
      "inputs": {
        "systems": "systems"
      },
      "locked": {
        "lastModified": 1710146030,
        "narHash": "sha256-SZ5L6eA7HJ/nmkzGG7/ISclqe6oZdOZTNoesiInkXPQ=",
        "owner": "numtide",
        "repo": "flake-utils",
        "rev": "b1d9ab70662946ef0850d488da1c9019f3a9752a",
        "type": "github"
      },
      "original": {
        "owner": "numtide",
        "repo": "flake-utils",
        "type": "github"
      }
    },
    "utils_2": {
      "inputs": {
        "systems": "systems_2"
      },
      "locked": {
        "lastModified": 1710146030,
        "narHash": "sha256-SZ5L6eA7HJ/nmkzGG7/ISclqe6oZdOZTNoesiInkXPQ=",
        "owner": "numtide",
        "repo": "flake-utils",
        "rev": "b1d9ab70662946ef0850d488da1c9019f3a9752a",
        "type": "github"
      },
      "original": {
        "owner": "numtide",
        "repo": "flake-utils",
        "type": "github"
      }
    },
    "utils_3": {
      "inputs": {
        "systems": "systems_3"
      },
      "locked": {
        "lastModified": 1710146030,
        "narHash": "sha256-SZ5L6eA7HJ/nmkzGG7/ISclqe6oZdOZTNoesiInkXPQ=",
        "owner": "numtide",
        "repo": "flake-utils",
        "rev": "b1d9ab70662946ef0850d488da1c9019f3a9752a",
        "type": "github"
      },
      "original": {
        "owner": "numtide",
        "repo": "flake-utils",
        "type": "github"
      }
    }
  },
  "root": "root",
  "version": 7
}
