{
  "nodes": {
    "fbx2gltf": {
      "inputs": {
        "nixpkgs": "nixpkgs",
        "utils": "utils"
      },
      "locked": {
        "lastModified": 1714048903,
        "narHash": "sha256-8qLtIwVAh6AAk+CPpyxtaqvX6VllbPV31HlBDw7PfTA=",
        "owner": "pillowtrucker",
        "repo": "FBX2GLTF",
        "rev": "d31341fa571598f105747cfe0a04b50e7aadd142",
        "type": "github"
      },
      "original": {
        "owner": "pillowtrucker",
        "ref": "mine",
        "repo": "FBX2GLTF",
        "type": "github"
      }
    },
    "godot-mine": {
      "inputs": {
        "fbx2gltf": "fbx2gltf",
        "nixpkgs": "nixpkgs_2",
        "utils": "utils_2"
      },
      "locked": {
        "lastModified": 1714470681,
        "narHash": "sha256-XF8WwbLFeUgvxkQfDQTy1tfeosqbTyusfpGLyCEaL9g=",
        "owner": "wonky-honky",
        "repo": "godot-slimflake",
        "rev": "3b72adaf4f6fd7b6657f5e664c2c0d5cf878a7fb",
        "type": "github"
      },
      "original": {
        "owner": "wonky-honky",
        "ref": "master",
        "repo": "godot-slimflake",
        "type": "github"
      }
    },
    "nixpkgs": {
      "locked": {
        "lastModified": 1713553100,
        "narHash": "sha256-EzKHF0Nop4lL55CayhQLvb1D49bg6J8vrXiJ9szcsIQ=",
        "owner": "NixOS",
        "repo": "nixpkgs",
        "rev": "8f6a7995d7799ccf3463d5ba2507e45e86d866e0",
        "type": "github"
      },
      "original": {
        "owner": "NixOS",
        "ref": "master",
        "repo": "nixpkgs",
        "type": "github"
      }
    },
    "nixpkgs_2": {
      "locked": {
        "lastModified": 1714330337,
        "narHash": "sha256-65nCfo2G6Yjb6aBgdeMODuTRaydyCV3TOHPIWJ1GT3Y=",
        "owner": "NixOS",
        "repo": "nixpkgs",
        "rev": "c5e4e2b2651d0e3bf28c26a44f640436688345bd",
        "type": "github"
      },
      "original": {
        "owner": "NixOS",
        "ref": "master",
        "repo": "nixpkgs",
        "type": "github"
      }
    },
    "nixpkgs_3": {
      "locked": {
        "lastModified": 1714330337,
        "narHash": "sha256-65nCfo2G6Yjb6aBgdeMODuTRaydyCV3TOHPIWJ1GT3Y=",
        "owner": "NixOS",
        "repo": "nixpkgs",
        "rev": "c5e4e2b2651d0e3bf28c26a44f640436688345bd",
        "type": "github"
      },
      "original": {
        "owner": "NixOS",
        "ref": "master",
        "repo": "nixpkgs",
        "type": "github"
      }
    },
    "root": {
      "inputs": {
        "godot-mine": "godot-mine",
        "nixpkgs": "nixpkgs_3",
        "utils": "utils_3"
      }
    },
    "systems": {
      "locked": {
        "lastModified": 1681028828,
        "narHash": "sha256-Vy1rq5AaRuLzOxct8nz4T6wlgyUR7zLU309k9mBC768=",
        "owner": "nix-systems",
        "repo": "default",
        "rev": "da67096a3b9bf56a91d16901293e51ba5b49a27e",
        "type": "github"
      },
      "original": {
        "owner": "nix-systems",
        "repo": "default",
        "type": "github"
      }
    },
    "systems_2": {
      "locked": {
        "lastModified": 1681028828,
        "narHash": "sha256-Vy1rq5AaRuLzOxct8nz4T6wlgyUR7zLU309k9mBC768=",
        "owner": "nix-systems",
        "repo": "default",
        "rev": "da67096a3b9bf56a91d16901293e51ba5b49a27e",
        "type": "github"
      },
      "original": {
        "owner": "nix-systems",
        "repo": "default",
        "type": "github"
      }
    },
    "systems_3": {
      "locked": {
        "lastModified": 1681028828,
        "narHash": "sha256-Vy1rq5AaRuLzOxct8nz4T6wlgyUR7zLU309k9mBC768=",
        "owner": "nix-systems",
        "repo": "default",
        "rev": "da67096a3b9bf56a91d16901293e51ba5b49a27e",
        "type": "github"
      },
      "original": {
        "owner": "nix-systems",
        "repo": "default",
        "type": "github"
      }
    },
    "utils": {
      "inputs": {
        "systems": "systems"
      },
      "locked": {
        "lastModified": 1710146030,
        "narHash": "sha256-SZ5L6eA7HJ/nmkzGG7/ISclqe6oZdOZTNoesiInkXPQ=",
        "owner": "numtide",
        "repo": "flake-utils",
        "rev": "b1d9ab70662946ef0850d488da1c9019f3a9752a",
        "type": "github"
      },
      "original": {
        "owner": "numtide",
        "repo": "flake-utils",
        "type": "github"
      }
    },
    "utils_2": {
      "inputs": {
        "systems": "systems_2"
      },
      "locked": {
        "lastModified": 1710146030,
        "narHash": "sha256-SZ5L6eA7HJ/nmkzGG7/ISclqe6oZdOZTNoesiInkXPQ=",
        "owner": "numtide",
        "repo": "flake-utils",
        "rev": "b1d9ab70662946ef0850d488da1c9019f3a9752a",
        "type": "github"
      },
      "original": {
        "owner": "numtide",
        "repo": "flake-utils",
        "type": "github"
      }
    },
    "utils_3": {
      "inputs": {
        "systems": "systems_3"
      },
      "locked": {
        "lastModified": 1710146030,
        "narHash": "sha256-SZ5L6eA7HJ/nmkzGG7/ISclqe6oZdOZTNoesiInkXPQ=",
        "owner": "numtide",
        "repo": "flake-utils",
        "rev": "b1d9ab70662946ef0850d488da1c9019f3a9752a",
        "type": "github"
      },
      "original": {
        "owner": "numtide",
        "repo": "flake-utils",
        "type": "github"
      }
    }
  },
  "root": "root",
  "version": 7
}
